{
    "version": 3,
    "terraform_version": "0.11.11",
    "serial": 20,
    "lineage": "4c8a1818-f302-17c3-18ac-58b9e51d80d9",
    "modules": [
        {
            "path": [
                "root"
            ],
            "outputs": {},
            "resources": {
                "aws_cloudfront_distribution.site_distribution": {
                    "type": "aws_cloudfront_distribution",
                    "depends_on": [
                        "aws_s3_bucket.site_bucket",
                        "data.aws_acm_certificate.main_cert"
                    ],
                    "primary": {
                        "id": "E24JAVYI9MDP8R",
                        "attributes": {
                            "active_trusted_signers.%": "2",
                            "active_trusted_signers.enabled": "false",
                            "active_trusted_signers.items.#": "0",
                            "aliases.#": "4",
                            "aliases.1071221245": "st13.centcom.services",
                            "aliases.1415213316": "centcom.services",
                            "aliases.3043234303": "yogstation.centcom.services",
                            "aliases.3968016970": "www.centcom.services",
                            "arn": "arn:aws:cloudfront::079358094174:distribution/E24JAVYI9MDP8R",
                            "caller_reference": "2019-02-09T04:31:55.7006075-05:00",
                            "custom_error_response.#": "0",
                            "default_cache_behavior.#": "1",
                            "default_cache_behavior.939810860.allowed_methods.#": "7",
                            "default_cache_behavior.939810860.allowed_methods.0": "HEAD",
                            "default_cache_behavior.939810860.allowed_methods.1": "DELETE",
                            "default_cache_behavior.939810860.allowed_methods.2": "POST",
                            "default_cache_behavior.939810860.allowed_methods.3": "GET",
                            "default_cache_behavior.939810860.allowed_methods.4": "OPTIONS",
                            "default_cache_behavior.939810860.allowed_methods.5": "PUT",
                            "default_cache_behavior.939810860.allowed_methods.6": "PATCH",
                            "default_cache_behavior.939810860.cached_methods.#": "2",
                            "default_cache_behavior.939810860.cached_methods.0": "HEAD",
                            "default_cache_behavior.939810860.cached_methods.1": "GET",
                            "default_cache_behavior.939810860.compress": "true",
                            "default_cache_behavior.939810860.default_ttl": "1000",
                            "default_cache_behavior.939810860.field_level_encryption_id": "",
                            "default_cache_behavior.939810860.forwarded_values.#": "1",
                            "default_cache_behavior.939810860.forwarded_values.2844655205.cookies.#": "1",
                            "default_cache_behavior.939810860.forwarded_values.2844655205.cookies.1870923232.forward": "all",
                            "default_cache_behavior.939810860.forwarded_values.2844655205.cookies.1870923232.whitelisted_names.#": "0",
                            "default_cache_behavior.939810860.forwarded_values.2844655205.headers.#": "0",
                            "default_cache_behavior.939810860.forwarded_values.2844655205.query_string": "true",
                            "default_cache_behavior.939810860.forwarded_values.2844655205.query_string_cache_keys.#": "0",
                            "default_cache_behavior.939810860.lambda_function_association.#": "0",
                            "default_cache_behavior.939810860.max_ttl": "86400",
                            "default_cache_behavior.939810860.min_ttl": "0",
                            "default_cache_behavior.939810860.smooth_streaming": "false",
                            "default_cache_behavior.939810860.target_origin_id": "centcom.services-origin",
                            "default_cache_behavior.939810860.trusted_signers.#": "0",
                            "default_cache_behavior.939810860.viewer_protocol_policy": "redirect-to-https",
                            "default_root_object": "index.html",
                            "domain_name": "dbem2r4qzgolo.cloudfront.net",
                            "enabled": "true",
                            "etag": "E2NRG8FJQN5MIV",
                            "hosted_zone_id": "Z2FDTNDATAQYW2",
                            "http_version": "http2",
                            "id": "E24JAVYI9MDP8R",
                            "in_progress_validation_batches": "0",
                            "is_ipv6_enabled": "false",
                            "last_modified_time": "2019-02-10 02:00:43.231 +0000 UTC",
                            "logging_config.#": "0",
                            "ordered_cache_behavior.#": "0",
                            "origin.#": "1",
                            "origin.1419262458.custom_header.#": "0",
                            "origin.1419262458.custom_origin_config.#": "1",
                            "origin.1419262458.custom_origin_config.526602048.http_port": "80",
                            "origin.1419262458.custom_origin_config.526602048.https_port": "443",
                            "origin.1419262458.custom_origin_config.526602048.origin_keepalive_timeout": "5",
                            "origin.1419262458.custom_origin_config.526602048.origin_protocol_policy": "match-viewer",
                            "origin.1419262458.custom_origin_config.526602048.origin_read_timeout": "30",
                            "origin.1419262458.custom_origin_config.526602048.origin_ssl_protocols.#": "3",
                            "origin.1419262458.custom_origin_config.526602048.origin_ssl_protocols.0": "TLSv1",
                            "origin.1419262458.custom_origin_config.526602048.origin_ssl_protocols.1": "TLSv1.1",
                            "origin.1419262458.custom_origin_config.526602048.origin_ssl_protocols.2": "TLSv1.2",
                            "origin.1419262458.domain_name": "centcom.services.s3.amazonaws.com",
                            "origin.1419262458.origin_id": "centcom.services-origin",
                            "origin.1419262458.origin_path": "",
                            "origin.1419262458.s3_origin_config.#": "0",
                            "price_class": "PriceClass_100",
                            "restrictions.#": "1",
                            "restrictions.1097372288.geo_restriction.#": "1",
                            "restrictions.1097372288.geo_restriction.2625240281.locations.#": "0",
                            "restrictions.1097372288.geo_restriction.2625240281.restriction_type": "none",
                            "retain_on_delete": "false",
                            "status": "InProgress",
                            "tags.%": "0",
                            "viewer_certificate.#": "1",
                            "viewer_certificate.953433584.acm_certificate_arn": "arn:aws:acm:us-east-1:079358094174:certificate/7dacda1a-c4fa-4734-9194-dddd9f50e313",
                            "viewer_certificate.953433584.cloudfront_default_certificate": "false",
                            "viewer_certificate.953433584.iam_certificate_id": "",
                            "viewer_certificate.953433584.minimum_protocol_version": "TLSv1.1_2016",
                            "viewer_certificate.953433584.ssl_support_method": "sni-only",
                            "web_acl_id": ""
                        },
                        "meta": {},
                        "tainted": false
                    },
                    "deposed": [],
                    "provider": "provider.aws"
                },
                "aws_db_instance.maindb": {
                    "type": "aws_db_instance",
                    "depends_on": [],
                    "primary": {
                        "id": "terraform-20190209093943889600000001",
                        "attributes": {
                            "address": "terraform-20190209093943889600000001.cqcqvqkwjtl5.us-east-1.rds.amazonaws.com",
                            "allocated_storage": "10",
                            "arn": "arn:aws:rds:us-east-1:079358094174:db:terraform-20190209093943889600000001",
                            "auto_minor_version_upgrade": "true",
                            "availability_zone": "us-east-1a",
                            "backup_retention_period": "0",
                            "backup_window": "07:55-08:25",
                            "ca_cert_identifier": "rds-ca-2015",
                            "copy_tags_to_snapshot": "false",
                            "db_subnet_group_name": "default",
                            "deletion_protection": "false",
                            "domain": "",
                            "domain_iam_role_name": "",
                            "enabled_cloudwatch_logs_exports.#": "0",
                            "endpoint": "terraform-20190209093943889600000001.cqcqvqkwjtl5.us-east-1.rds.amazonaws.com:3306",
                            "engine": "mysql",
                            "engine_version": "5.7.23",
                            "hosted_zone_id": "Z2R2ITUGPM61AM",
                            "iam_database_authentication_enabled": "false",
                            "id": "terraform-20190209093943889600000001",
                            "identifier": "terraform-20190209093943889600000001",
                            "instance_class": "db.t2.micro",
                            "iops": "0",
                            "kms_key_id": "",
                            "license_model": "general-public-license",
                            "maintenance_window": "sat:05:01-sat:05:31",
                            "monitoring_interval": "0",
                            "multi_az": "false",
                            "name": "mydb",
                            "option_group_name": "default:mysql-5-7",
                            "parameter_group_name": "default.mysql5.7",
                            "password": "heythispasswordwontworkanymoreidiot",
                            "port": "3306",
                            "publicly_accessible": "false",
                            "replicas.#": "0",
                            "replicate_source_db": "",
                            "resource_id": "db-2PH2OS2G2YAWCJ5EYVDDNA4BDM",
                            "security_group_names.#": "0",
                            "skip_final_snapshot": "false",
                            "status": "available",
                            "storage_encrypted": "false",
                            "storage_type": "gp2",
                            "tags.%": "0",
                            "timezone": "",
                            "username": "admin",
                            "vpc_security_group_ids.#": "1",
                            "vpc_security_group_ids.3873255614": "sg-79add43c"
                        },
                        "meta": {
                            "e2bfb730-ecaa-11e6-8f88-34363bc7c4c0": {
                                "create": 2400000000000,
                                "delete": 2400000000000,
                                "update": 4800000000000
                            }
                        },
                        "tainted": false
                    },
                    "deposed": [],
                    "provider": "provider.aws"
                },
                "aws_route53_record.root_a_record": {
                    "type": "aws_route53_record",
                    "depends_on": [
                        "aws_cloudfront_distribution.site_distribution",
                        "aws_route53_zone.site_zone"
                    ],
                    "primary": {
                        "id": "Z1W0R1B35T8K3J_centcom.services_A",
                        "attributes": {
                            "alias.#": "1",
                            "alias.2220333508.evaluate_target_health": "false",
                            "alias.2220333508.name": "dbem2r4qzgolo.cloudfront.net",
                            "alias.2220333508.zone_id": "Z2FDTNDATAQYW2",
                            "allow_overwrite": "true",
                            "fqdn": "centcom.services",
                            "health_check_id": "",
                            "id": "Z1W0R1B35T8K3J_centcom.services_A",
                            "name": "centcom.services",
                            "records.#": "0",
                            "set_identifier": "",
                            "ttl": "0",
                            "type": "A",
                            "zone_id": "Z1W0R1B35T8K3J"
                        },
                        "meta": {
                            "schema_version": "2"
                        },
                        "tainted": false
                    },
                    "deposed": [],
                    "provider": "provider.aws"
                },
                "aws_route53_record.root_www_a_record": {
                    "type": "aws_route53_record",
                    "depends_on": [
                        "aws_cloudfront_distribution.site_distribution",
                        "aws_route53_zone.site_zone"
                    ],
                    "primary": {
                        "id": "Z1W0R1B35T8K3J_www.centcom.services_A",
                        "attributes": {
                            "alias.#": "1",
                            "alias.2220333508.evaluate_target_health": "false",
                            "alias.2220333508.name": "dbem2r4qzgolo.cloudfront.net",
                            "alias.2220333508.zone_id": "Z2FDTNDATAQYW2",
                            "allow_overwrite": "true",
                            "fqdn": "www.centcom.services",
                            "health_check_id": "",
                            "id": "Z1W0R1B35T8K3J_www.centcom.services_A",
                            "name": "www.centcom.services",
                            "records.#": "0",
                            "set_identifier": "",
                            "ttl": "0",
                            "type": "A",
                            "zone_id": "Z1W0R1B35T8K3J"
                        },
                        "meta": {
                            "schema_version": "2"
                        },
                        "tainted": false
                    },
                    "deposed": [],
                    "provider": "provider.aws"
                },
                "aws_route53_record.site_ns": {
                    "type": "aws_route53_record",
                    "depends_on": [
                        "aws_route53_zone.site_zone",
                        "module.dns_domain"
                    ],
                    "primary": {
                        "id": "Z1W0R1B35T8K3J_centcom.services_NS",
                        "attributes": {
                            "allow_overwrite": "true",
                            "fqdn": "centcom.services",
                            "health_check_id": "",
                            "id": "Z1W0R1B35T8K3J_centcom.services_NS",
                            "name": "centcom.services",
                            "records.#": "4",
                            "records.2693857858": "ns-1402.awsdns-47.org",
                            "records.2884128788": "ns-151.awsdns-18.com",
                            "records.3147180523": "ns-989.awsdns-59.net",
                            "records.39141033": "ns-1989.awsdns-56.co.uk",
                            "set_identifier": "",
                            "ttl": "30",
                            "type": "NS",
                            "zone_id": "Z1W0R1B35T8K3J"
                        },
                        "meta": {
                            "schema_version": "2"
                        },
                        "tainted": false
                    },
                    "deposed": [],
                    "provider": "provider.aws"
                },
                "aws_route53_record.subdomain_a_records.0": {
                    "type": "aws_route53_record",
                    "depends_on": [
                        "aws_cloudfront_distribution.site_distribution",
                        "aws_route53_zone.site_zone"
                    ],
                    "primary": {
                        "id": "Z1W0R1B35T8K3J_yogstation.centcom.services_A",
                        "attributes": {
                            "alias.#": "1",
                            "alias.2220333508.evaluate_target_health": "false",
                            "alias.2220333508.name": "dbem2r4qzgolo.cloudfront.net",
                            "alias.2220333508.zone_id": "Z2FDTNDATAQYW2",
                            "allow_overwrite": "true",
                            "fqdn": "yogstation.centcom.services",
                            "health_check_id": "",
                            "id": "Z1W0R1B35T8K3J_yogstation.centcom.services_A",
                            "name": "yogstation.centcom.services",
                            "records.#": "0",
                            "set_identifier": "",
                            "ttl": "0",
                            "type": "A",
                            "zone_id": "Z1W0R1B35T8K3J"
                        },
                        "meta": {
                            "schema_version": "2"
                        },
                        "tainted": false
                    },
                    "deposed": [],
                    "provider": "provider.aws"
                },
                "aws_route53_zone.site_zone": {
                    "type": "aws_route53_zone",
                    "depends_on": [
                        "module.dns_domain"
                    ],
                    "primary": {
                        "id": "Z1W0R1B35T8K3J",
                        "attributes": {
                            "comment": "Managed by Terraform",
                            "delegation_set_id": "",
                            "force_destroy": "false",
                            "id": "Z1W0R1B35T8K3J",
                            "name": "centcom.services.",
                            "name_servers.#": "4",
                            "name_servers.0": "ns-1402.awsdns-47.org",
                            "name_servers.1": "ns-151.awsdns-18.com",
                            "name_servers.2": "ns-1989.awsdns-56.co.uk",
                            "name_servers.3": "ns-989.awsdns-59.net",
                            "tags.%": "0",
                            "vpc.#": "0",
                            "vpc_id": "",
                            "vpc_region": "",
                            "zone_id": "Z1W0R1B35T8K3J"
                        },
                        "meta": {},
                        "tainted": false
                    },
                    "deposed": [],
                    "provider": "provider.aws"
                },
                "aws_s3_bucket.site_bucket": {
                    "type": "aws_s3_bucket",
                    "depends_on": [],
                    "primary": {
                        "id": "centcom.services",
                        "attributes": {
                            "acceleration_status": "",
                            "acl": "public-read",
                            "arn": "arn:aws:s3:::centcom.services",
                            "bucket": "centcom.services",
                            "bucket_domain_name": "centcom.services.s3.amazonaws.com",
                            "bucket_regional_domain_name": "centcom.services.s3.amazonaws.com",
                            "cors_rule.#": "0",
                            "force_destroy": "false",
                            "hosted_zone_id": "Z3AQBSTGFYJSTF",
                            "id": "centcom.services",
                            "lifecycle_rule.#": "0",
                            "logging.#": "0",
                            "object_lock_configuration.#": "0",
                            "region": "us-east-1",
                            "replication_configuration.#": "0",
                            "request_payer": "BucketOwner",
                            "server_side_encryption_configuration.#": "0",
                            "tags.%": "0",
                            "versioning.#": "1",
                            "versioning.0.enabled": "false",
                            "versioning.0.mfa_delete": "false",
                            "website.#": "1",
                            "website.0.error_document": "index.html",
                            "website.0.index_document": "index.html",
                            "website.0.redirect_all_requests_to": "",
                            "website.0.routing_rules": "",
                            "website_domain": "s3-website-us-east-1.amazonaws.com",
                            "website_endpoint": "centcom.services.s3-website-us-east-1.amazonaws.com"
                        },
                        "meta": {},
                        "tainted": false
                    },
                    "deposed": [],
                    "provider": "provider.aws"
                },
                "data.aws_acm_certificate.main_cert": {
                    "type": "aws_acm_certificate",
                    "depends_on": [],
                    "primary": {
                        "id": "2019-02-10 02:05:43.3741958 +0000 UTC",
                        "attributes": {
                            "arn": "arn:aws:acm:us-east-1:079358094174:certificate/7dacda1a-c4fa-4734-9194-dddd9f50e313",
                            "domain": "*.centcom.services",
                            "id": "2019-02-10 02:05:43.3741958 +0000 UTC",
                            "most_recent": "false",
                            "statuses.#": "1",
                            "statuses.0": "ISSUED"
                        },
                        "meta": {},
                        "tainted": false
                    },
                    "deposed": [],
                    "provider": "provider.aws"
                },
                "data.aws_acm_certificate.vanity_certs": {
                    "type": "aws_acm_certificate",
                    "depends_on": [],
                    "primary": {
                        "id": "2019-02-10 02:05:43.3435986 +0000 UTC",
                        "attributes": {
                            "arn": "arn:aws:acm:us-east-1:079358094174:certificate/289d814b-80ab-4010-b37c-26427a16a35c",
                            "domain": "*.centcom13.com",
                            "id": "2019-02-10 02:05:43.3435986 +0000 UTC",
                            "most_recent": "false",
                            "statuses.#": "1",
                            "statuses.0": "ISSUED"
                        },
                        "meta": {},
                        "tainted": false
                    },
                    "deposed": [],
                    "provider": "provider.aws"
                }
            },
            "depends_on": []
        },
        {
            "path": [
                "root",
                "dns_domain"
            ],
            "outputs": {
                "root_dns": {
                    "sensitive": false,
                    "type": "string",
                    "value": "centcom.services"
                }
            },
            "resources": {},
            "depends_on": []
        }
    ]
}
