{
    "version": 3,
    "terraform_version": "0.11.11",
    "serial": 6,
    "lineage": "4c8a1818-f302-17c3-18ac-58b9e51d80d9",
    "modules": [
        {
            "path": [
                "root"
            ],
            "outputs": {},
            "resources": {
                "aws_eip.public_ip": {
                    "type": "aws_eip",
                    "depends_on": [
                        "aws_instance.ui"
                    ],
                    "primary": {
                        "id": "eipalloc-01020974b68bedcbe",
                        "attributes": {
                            "association_id": "eipassoc-082b562beb0ba34e4",
                            "domain": "vpc",
                            "id": "eipalloc-01020974b68bedcbe",
                            "instance": "i-0561414fdc989907b",
                            "network_interface": "eni-0e543774361611a33",
                            "private_ip": "172.31.94.188",
                            "public_ip": "52.7.241.207",
                            "public_ipv4_pool": "amazon",
                            "tags.%": "0",
                            "vpc": "true"
                        },
                        "meta": {
                            "e2bfb730-ecaa-11e6-8f88-34363bc7c4c0": {
                                "delete": 180000000000,
                                "read": 900000000000,
                                "update": 300000000000
                            }
                        },
                        "tainted": false
                    },
                    "deposed": [],
                    "provider": "provider.aws"
                },
                "aws_instance.ui": {
                    "type": "aws_instance",
                    "depends_on": [],
                    "primary": {
                        "id": "i-0561414fdc989907b",
                        "attributes": {
                            "ami": "ami-2757f631",
                            "arn": "arn:aws:ec2:us-east-1:079358094174:instance/i-0561414fdc989907b",
                            "associate_public_ip_address": "true",
                            "availability_zone": "us-east-1d",
                            "cpu_core_count": "1",
                            "cpu_threads_per_core": "1",
                            "credit_specification.#": "1",
                            "credit_specification.0.cpu_credits": "standard",
                            "disable_api_termination": "false",
                            "ebs_block_device.#": "0",
                            "ebs_optimized": "false",
                            "ephemeral_block_device.#": "0",
                            "get_password_data": "false",
                            "iam_instance_profile": "",
                            "id": "i-0561414fdc989907b",
                            "instance_state": "running",
                            "instance_type": "t2.micro",
                            "ipv6_addresses.#": "0",
                            "key_name": "",
                            "monitoring": "false",
                            "network_interface.#": "0",
                            "network_interface_id": "eni-0e543774361611a33",
                            "password_data": "",
                            "placement_group": "",
                            "primary_network_interface_id": "eni-0e543774361611a33",
                            "private_dns": "ip-172-31-94-188.ec2.internal",
                            "private_ip": "172.31.94.188",
                            "public_dns": "ec2-52-7-241-207.compute-1.amazonaws.com",
                            "public_ip": "52.7.241.207",
                            "root_block_device.#": "1",
                            "root_block_device.0.delete_on_termination": "true",
                            "root_block_device.0.iops": "100",
                            "root_block_device.0.volume_id": "vol-0e3361082ef6787f4",
                            "root_block_device.0.volume_size": "8",
                            "root_block_device.0.volume_type": "gp2",
                            "security_groups.#": "1",
                            "security_groups.3814588639": "default",
                            "source_dest_check": "true",
                            "subnet_id": "subnet-3ae88714",
                            "tags.%": "0",
                            "tenancy": "default",
                            "volume_tags.%": "0",
                            "vpc_security_group_ids.#": "1",
                            "vpc_security_group_ids.3873255614": "sg-79add43c"
                        },
                        "meta": {
                            "e2bfb730-ecaa-11e6-8f88-34363bc7c4c0": {
                                "create": 600000000000,
                                "delete": 1200000000000,
                                "update": 600000000000
                            },
                            "schema_version": "1"
                        },
                        "tainted": false
                    },
                    "deposed": [],
                    "provider": "provider.aws"
                },
                "aws_route53_record.site_cname_static": {
                    "type": "aws_route53_record",
                    "depends_on": [
                        "aws_route53_zone.site_zone",
                        "aws_s3_bucket.site_bucket",
                        "module.dns_domain"
                    ],
                    "primary": {
                        "id": "Z1MHYQVRO9T0JY_static.ddmers.com_CNAME",
                        "attributes": {
                            "allow_overwrite": "true",
                            "fqdn": "static.ddmers.com",
                            "health_check_id": "",
                            "id": "Z1MHYQVRO9T0JY_static.ddmers.com_CNAME",
                            "name": "static.ddmers.com",
                            "records.#": "1",
                            "records.638307615": "yogs.ddmers.com.s3.amazonaws.com",
                            "set_identifier": "",
                            "ttl": "30",
                            "type": "CNAME",
                            "zone_id": "Z1MHYQVRO9T0JY"
                        },
                        "meta": {
                            "schema_version": "2"
                        },
                        "tainted": false
                    },
                    "deposed": [],
                    "provider": "provider.aws"
                },
                "aws_route53_record.site_ns": {
                    "type": "aws_route53_record",
                    "depends_on": [
                        "aws_route53_zone.site_zone",
                        "module.dns_domain"
                    ],
                    "primary": {
                        "id": "Z1MHYQVRO9T0JY_ddmers.com_NS",
                        "attributes": {
                            "allow_overwrite": "true",
                            "fqdn": "ddmers.com",
                            "id": "Z1MHYQVRO9T0JY_ddmers.com_NS",
                            "name": "ddmers.com",
                            "records.#": "4",
                            "records.1503773739": "ns-1174.awsdns-18.org",
                            "records.2364746324": "ns-1660.awsdns-15.co.uk",
                            "records.2849481363": "ns-252.awsdns-31.com",
                            "records.3564893905": "ns-789.awsdns-34.net",
                            "ttl": "30",
                            "type": "NS",
                            "zone_id": "Z1MHYQVRO9T0JY"
                        },
                        "meta": {
                            "schema_version": "2"
                        },
                        "tainted": false
                    },
                    "deposed": [],
                    "provider": "provider.aws"
                },
                "aws_route53_zone.site_zone": {
                    "type": "aws_route53_zone",
                    "depends_on": [
                        "module.dns_domain"
                    ],
                    "primary": {
                        "id": "Z1MHYQVRO9T0JY",
                        "attributes": {
                            "comment": "Managed by Terraform",
                            "delegation_set_id": "",
                            "force_destroy": "false",
                            "id": "Z1MHYQVRO9T0JY",
                            "name": "ddmers.com.",
                            "name_servers.#": "4",
                            "name_servers.0": "ns-1174.awsdns-18.org",
                            "name_servers.1": "ns-1660.awsdns-15.co.uk",
                            "name_servers.2": "ns-252.awsdns-31.com",
                            "name_servers.3": "ns-789.awsdns-34.net",
                            "tags.%": "0",
                            "vpc.#": "0",
                            "vpc_id": "",
                            "vpc_region": "",
                            "zone_id": "Z1MHYQVRO9T0JY"
                        },
                        "meta": {},
                        "tainted": false
                    },
                    "deposed": [],
                    "provider": "provider.aws"
                },
                "aws_s3_bucket.site_bucket": {
                    "type": "aws_s3_bucket",
                    "depends_on": [],
                    "primary": {
                        "id": "yogs.ddmers.com",
                        "attributes": {
                            "acceleration_status": "",
                            "acl": "public-read",
                            "arn": "arn:aws:s3:::yogs.ddmers.com",
                            "bucket": "yogs.ddmers.com",
                            "bucket_domain_name": "yogs.ddmers.com.s3.amazonaws.com",
                            "bucket_regional_domain_name": "yogs.ddmers.com.s3.amazonaws.com",
                            "cors_rule.#": "0",
                            "force_destroy": "false",
                            "hosted_zone_id": "Z3AQBSTGFYJSTF",
                            "id": "yogs.ddmers.com",
                            "lifecycle_rule.#": "0",
                            "logging.#": "0",
                            "object_lock_configuration.#": "0",
                            "region": "us-east-1",
                            "replication_configuration.#": "0",
                            "request_payer": "BucketOwner",
                            "server_side_encryption_configuration.#": "0",
                            "tags.%": "0",
                            "versioning.#": "1",
                            "versioning.0.enabled": "false",
                            "versioning.0.mfa_delete": "false",
                            "website.#": "1",
                            "website.0.error_document": "error.html",
                            "website.0.index_document": "index.html",
                            "website.0.redirect_all_requests_to": "",
                            "website.0.routing_rules": "",
                            "website_domain": "s3-website-us-east-1.amazonaws.com",
                            "website_endpoint": "yogs.ddmers.com.s3-website-us-east-1.amazonaws.com"
                        },
                        "meta": {},
                        "tainted": false
                    },
                    "deposed": [],
                    "provider": "provider.aws"
                },
                "data.external.cert_request": {
                    "type": "external",
                    "depends_on": [],
                    "primary": {
                        "id": "-",
                        "attributes": {
                            "id": "-",
                            "program.#": "2",
                            "program.0": "bash",
                            "program.1": "./req_cert.sh",
                            "query.%": "1",
                            "query.cert_domain": "*.ddmers.com",
                            "result.%": "1",
                            "result.CertificateArn": "arn:aws:acm:us-east-1:079358094174:certificate/3d5d1bde-f0e8-449c-b6c4-88e17fd734e9"
                        },
                        "meta": {},
                        "tainted": false
                    },
                    "deposed": [],
                    "provider": "provider.external"
                }
            },
            "depends_on": []
        },
        {
            "path": [
                "root",
                "dns_domain"
            ],
            "outputs": {
                "root_dns": {
                    "sensitive": false,
                    "type": "string",
                    "value": "ddmers.com"
                }
            },
            "resources": {},
            "depends_on": []
        }
    ]
}
